
Microsoft Visual Studio Solution File, Format Version 12.00
# Visual Studio Version 16
VisualStudioVersion = 16.0.30503.244
MinimumVisualStudioVersion = 10.0.40219.1
Project("{FAE04EC0-301F-11D3-BF4B-00C04F79EFBC}") = "WindowsFormsApp1", "WindowsFormsApp1\WindowsFormsApp1.csproj", "{E860FED5-F6DF-4BEA-BEE8-5E0F8FEA5284}"
EndProject
Global
	GlobalSection(SolutionConfigurationPlatforms) = preSolution
		Debug|Any CPU = Debug|Any CPU
		Release|Any CPU = Release|Any CPU
	EndGlobalSection
	GlobalSection(ProjectConfigurationPlatforms) = postSolution
		{E860FED5-F6DF-4BEA-BEE8-5E0F8FEA5284}.Debug|Any CPU.ActiveCfg = Debug|Any CPU
		{E860FED5-F6DF-4BEA-BEE8-5E0F8FEA5284}.Debug|Any CPU.Build.0 = Debug|Any CPU
		{E860FED5-F6DF-4BEA-BEE8-5E0F8FEA5284}.Release|Any CPU.ActiveCfg = Release|Any CPU
		{E860FED5-F6DF-4BEA-BEE8-5E0F8FEA5284}.Release|Any CPU.Build.0 = Release|Any CPU
	EndGlobalSection
	GlobalSection(SolutionProperties) = preSolution
		HideSolutionNode = FALSE
	EndGlobalSection
	GlobalSection(ExtensibilityGlobals) = postSolution
		SolutionGuid = {61EC9F71-6977-4B3F-87BF-E565C2624491}
	EndGlobalSection
EndGlobal
